
Microsoft Visual Studio Solution File, Format Version 12.00
Project("{FAE04EC0-301F-11D3-BF4B-00C04F79EFBC}") = "AscendTheTower", "AscendTheTower.csproj", "{0BE77291-DE13-4788-8225-19C96E4DF1A3}"
EndProject
Global
	GlobalSection(SolutionConfigurationPlatforms) = preSolution
		Debug|Any CPU = Debug|Any CPU
		Release|Any CPU = Release|Any CPU
	EndGlobalSection
	GlobalSection(ProjectConfigurationPlatforms) = postSolution
		{0BE77291-DE13-4788-8225-19C96E4DF1A3}.Debug|Any CPU.ActiveCfg = Debug|Any CPU
		{0BE77291-DE13-4788-8225-19C96E4DF1A3}.Debug|Any CPU.Build.0 = Debug|Any CPU
		{0BE77291-DE13-4788-8225-19C96E4DF1A3}.Release|Any CPU.ActiveCfg = Release|Any CPU
		{0BE77291-DE13-4788-8225-19C96E4DF1A3}.Release|Any CPU.Build.0 = Release|Any CPU
	EndGlobalSection
EndGlobal
